
Microsoft Visual Studio Solution File, Format Version 12.00
# Visual Studio Version 16
VisualStudioVersion = 16.0.29418.71
MinimumVisualStudioVersion = 10.0.40219.1
Project("{FAE04EC0-301F-11D3-BF4B-00C04F79EFBC}") = "KBD_Marketing_department", "KBD_Marketing_department\KBD_Marketing_department.csproj", "{FF252442-17A0-4079-AAC7-C04B9A12F016}"
EndProject
Global
	GlobalSection(SolutionConfigurationPlatforms) = preSolution
		Debug|Any CPU = Debug|Any CPU
		Release|Any CPU = Release|Any CPU
	EndGlobalSection
	GlobalSection(ProjectConfigurationPlatforms) = postSolution
		{FF252442-17A0-4079-AAC7-C04B9A12F016}.Debug|Any CPU.ActiveCfg = Debug|Any CPU
		{FF252442-17A0-4079-AAC7-C04B9A12F016}.Debug|Any CPU.Build.0 = Debug|Any CPU
		{FF252442-17A0-4079-AAC7-C04B9A12F016}.Release|Any CPU.ActiveCfg = Release|Any CPU
		{FF252442-17A0-4079-AAC7-C04B9A12F016}.Release|Any CPU.Build.0 = Release|Any CPU
	EndGlobalSection
	GlobalSection(SolutionProperties) = preSolution
		HideSolutionNode = FALSE
	EndGlobalSection
	GlobalSection(ExtensibilityGlobals) = postSolution
		SolutionGuid = {79352D65-ABD5-4C93-9C90-1ADA37805174}
	EndGlobalSection
EndGlobal
